
Microsoft Visual Studio Solution File, Format Version 12.00
# Visual Studio Version 17
VisualStudioVersion = 17.6.33723.286
MinimumVisualStudioVersion = 10.0.40219.1
Project("{FAE04EC0-301F-11D3-BF4B-00C04F79EFBC}") = "MyWebAppTK", "MyWebAppTK\MyWebAppTK.csproj", "{59774E0A-AAF1-427F-B934-47FC65A9005B}"
EndProject
Global
	GlobalSection(SolutionConfigurationPlatforms) = preSolution
		Debug|Any CPU = Debug|Any CPU
		Release|Any CPU = Release|Any CPU
	EndGlobalSection
	GlobalSection(ProjectConfigurationPlatforms) = postSolution
		{59774E0A-AAF1-427F-B934-47FC65A9005B}.Debug|Any CPU.ActiveCfg = Debug|Any CPU
		{59774E0A-AAF1-427F-B934-47FC65A9005B}.Debug|Any CPU.Build.0 = Debug|Any CPU
		{59774E0A-AAF1-427F-B934-47FC65A9005B}.Release|Any CPU.ActiveCfg = Release|Any CPU
		{59774E0A-AAF1-427F-B934-47FC65A9005B}.Release|Any CPU.Build.0 = Release|Any CPU
	EndGlobalSection
	GlobalSection(SolutionProperties) = preSolution
		HideSolutionNode = FALSE
	EndGlobalSection
	GlobalSection(ExtensibilityGlobals) = postSolution
		SolutionGuid = {41FBEC34-7A4B-413F-B32C-BD01B75EAB44}
	EndGlobalSection
EndGlobal
