
Microsoft Visual Studio Solution File, Format Version 12.00
# Visual Studio Version 17
VisualStudioVersion = 17.6.33723.286
MinimumVisualStudioVersion = 10.0.40219.1
Project("{FAE04EC0-301F-11D3-BF4B-00C04F79EFBC}") = "TheHighPriestessTarot", "TheHighPriestessTarot\TheHighPriestessTarot.csproj", "{992D3A00-AA0A-4525-BA07-297B4CC0C6E7}"
EndProject
Global
	GlobalSection(SolutionConfigurationPlatforms) = preSolution
		Debug|Any CPU = Debug|Any CPU
		Release|Any CPU = Release|Any CPU
	EndGlobalSection
	GlobalSection(ProjectConfigurationPlatforms) = postSolution
		{992D3A00-AA0A-4525-BA07-297B4CC0C6E7}.Debug|Any CPU.ActiveCfg = Debug|Any CPU
		{992D3A00-AA0A-4525-BA07-297B4CC0C6E7}.Debug|Any CPU.Build.0 = Debug|Any CPU
		{992D3A00-AA0A-4525-BA07-297B4CC0C6E7}.Release|Any CPU.ActiveCfg = Release|Any CPU
		{992D3A00-AA0A-4525-BA07-297B4CC0C6E7}.Release|Any CPU.Build.0 = Release|Any CPU
	EndGlobalSection
	GlobalSection(SolutionProperties) = preSolution
		HideSolutionNode = FALSE
	EndGlobalSection
	GlobalSection(ExtensibilityGlobals) = postSolution
		SolutionGuid = {8B2619A0-6832-4F58-872B-B9C8E8943504}
	EndGlobalSection
EndGlobal
